
Microsoft Visual Studio Solution File, Format Version 12.00
# Visual Studio Version 17
VisualStudioVersion = 17.7.34003.232
MinimumVisualStudioVersion = 10.0.40219.1
Project("{FAE04EC0-301F-11D3-BF4B-00C04F79EFBC}") = "scoremaster Presentation", "scoremaster Presentation\scoremaster Presentation.csproj", "{DE99735F-A6E1-45E9-A50C-3910AD920FA0}"
EndProject
Global
	GlobalSection(SolutionConfigurationPlatforms) = preSolution
		Debug|Any CPU = Debug|Any CPU
		Release|Any CPU = Release|Any CPU
	EndGlobalSection
	GlobalSection(ProjectConfigurationPlatforms) = postSolution
		{DE99735F-A6E1-45E9-A50C-3910AD920FA0}.Debug|Any CPU.ActiveCfg = Debug|Any CPU
		{DE99735F-A6E1-45E9-A50C-3910AD920FA0}.Debug|Any CPU.Build.0 = Debug|Any CPU
		{DE99735F-A6E1-45E9-A50C-3910AD920FA0}.Release|Any CPU.ActiveCfg = Release|Any CPU
		{DE99735F-A6E1-45E9-A50C-3910AD920FA0}.Release|Any CPU.Build.0 = Release|Any CPU
	EndGlobalSection
	GlobalSection(SolutionProperties) = preSolution
		HideSolutionNode = FALSE
	EndGlobalSection
	GlobalSection(ExtensibilityGlobals) = postSolution
		SolutionGuid = {3453C331-B223-4CA9-920D-E5903C3490B4}
	EndGlobalSection
EndGlobal
